
Microsoft Visual Studio Solution File, Format Version 12.00
# Visual Studio Version 17
VisualStudioVersion = 17.1.32328.378
MinimumVisualStudioVersion = 10.0.40219.1
Project("{FAE04EC0-301F-11D3-BF4B-00C04F79EFBC}") = "ikfunnies", "ikfunnies\ikfunnies.csproj", "{4548A8D5-A9E3-4866-81B3-2382AD249B96}"
EndProject
Global
	GlobalSection(SolutionConfigurationPlatforms) = preSolution
		Debug|Any CPU = Debug|Any CPU
		Release|Any CPU = Release|Any CPU
	EndGlobalSection
	GlobalSection(ProjectConfigurationPlatforms) = postSolution
		{4548A8D5-A9E3-4866-81B3-2382AD249B96}.Debug|Any CPU.ActiveCfg = Debug|Any CPU
		{4548A8D5-A9E3-4866-81B3-2382AD249B96}.Debug|Any CPU.Build.0 = Debug|Any CPU
		{4548A8D5-A9E3-4866-81B3-2382AD249B96}.Release|Any CPU.ActiveCfg = Release|Any CPU
		{4548A8D5-A9E3-4866-81B3-2382AD249B96}.Release|Any CPU.Build.0 = Release|Any CPU
	EndGlobalSection
	GlobalSection(SolutionProperties) = preSolution
		HideSolutionNode = FALSE
	EndGlobalSection
	GlobalSection(ExtensibilityGlobals) = postSolution
		SolutionGuid = {CE5AAFF0-52A5-472C-BFC1-AB8C17F65A38}
	EndGlobalSection
EndGlobal
